
Microsoft Visual Studio Solution File, Format Version 12.00
# Visual Studio Version 17
VisualStudioVersion = 17.8.34511.84
MinimumVisualStudioVersion = 10.0.40219.1
Project("{9A19103F-16F7-4668-BE54-9A1E7A4F7556}") = "travelless", "travelless.csproj", "{A2417CCB-E31F-461B-A695-3C28FD5CF3BB}"
EndProject
Global
	GlobalSection(SolutionConfigurationPlatforms) = preSolution
		Debug|Any CPU = Debug|Any CPU
		Release|Any CPU = Release|Any CPU
	EndGlobalSection
	GlobalSection(ProjectConfigurationPlatforms) = postSolution
		{A2417CCB-E31F-461B-A695-3C28FD5CF3BB}.Debug|Any CPU.ActiveCfg = Debug|Any CPU
		{A2417CCB-E31F-461B-A695-3C28FD5CF3BB}.Debug|Any CPU.Build.0 = Debug|Any CPU
		{A2417CCB-E31F-461B-A695-3C28FD5CF3BB}.Debug|Any CPU.Deploy.0 = Debug|Any CPU
		{A2417CCB-E31F-461B-A695-3C28FD5CF3BB}.Release|Any CPU.ActiveCfg = Release|Any CPU
		{A2417CCB-E31F-461B-A695-3C28FD5CF3BB}.Release|Any CPU.Build.0 = Release|Any CPU
		{A2417CCB-E31F-461B-A695-3C28FD5CF3BB}.Release|Any CPU.Deploy.0 = Release|Any CPU
	EndGlobalSection
	GlobalSection(SolutionProperties) = preSolution
		HideSolutionNode = FALSE
	EndGlobalSection
	GlobalSection(ExtensibilityGlobals) = postSolution
		SolutionGuid = {F3E6B8ED-7A05-4069-B1A9-46366DEB216E}
	EndGlobalSection
EndGlobal
